// !$*UTF8*$!
{
	archiveVersion = 1;
	classes = {
	};
	objectVersion = 55;
	objects = {

/* Begin PBXBuildFile section */
		00283232282B47C5005EF359 /* AppDelegate.swift in Sources */ = {isa = PBXBuildFile; fileRef = 00283231282B47C5005EF359 /* AppDelegate.swift */; };
		00283236282B47C5005EF359 /* IssLocatorController.swift in Sources */ = {isa = PBXBuildFile; fileRef = 00283235282B47C5005EF359 /* IssLocatorController.swift */; };
		00283239282B47C5005EF359 /* Main.storyboard in Resources */ = {isa = PBXBuildFile; fileRef = 00283237282B47C5005EF359 /* Main.storyboard */; };
		0028323B282B47C8005EF359 /* Assets.xcassets in Resources */ = {isa = PBXBuildFile; fileRef = 0028323A282B47C8005EF359 /* Assets.xcassets */; };
		0028323E282B47C8005EF359 /* LaunchScreen.storyboard in Resources */ = {isa = PBXBuildFile; fileRef = 0028323C282B47C8005EF359 /* LaunchScreen.storyboard */; };
		00486138282EC17600B3E494 /* locationCell.swift in Sources */ = {isa = PBXBuildFile; fileRef = 00486137282EC17600B3E494 /* locationCell.swift */; };
		007026C9282D677000ECA69F /* Bindable.swift in Sources */ = {isa = PBXBuildFile; fileRef = 007026C8282D677000ECA69F /* Bindable.swift */; };
		007026CE282D9F4A00ECA69F /* IssLocatorTableController.swift in Sources */ = {isa = PBXBuildFile; fileRef = 007026CD282D9F4A00ECA69F /* IssLocatorTableController.swift */; };
		00F1B7E0282B54AD0081D99A /* GoogleMapsBase.framework in Frameworks */ = {isa = PBXBuildFile; fileRef = 00F1B7DF282B54AD0081D99A /* GoogleMapsBase.framework */; };
		00F1B7E3282B54C80081D99A /* GoogleMaps.framework in Frameworks */ = {isa = PBXBuildFile; fileRef = 00F1B7E1282B54C60081D99A /* GoogleMaps.framework */; };
		00F1B7E4282B54C80081D99A /* GoogleMapsCore.framework in Frameworks */ = {isa = PBXBuildFile; fileRef = 00F1B7E2282B54C80081D99A /* GoogleMapsCore.framework */; };
		00F1B7E6282B55890081D99A /* GoogleMaps.bundle in Resources */ = {isa = PBXBuildFile; fileRef = 00F1B7E5282B55890081D99A /* GoogleMaps.bundle */; };
		00F1B7E9282B55CE0081D99A /* Accelerate.framework in Frameworks */ = {isa = PBXBuildFile; fileRef = 00F1B7E8282B55CE0081D99A /* Accelerate.framework */; };
		00F1B7EB282B55D90081D99A /* CoreData.framework in Frameworks */ = {isa = PBXBuildFile; fileRef = 00F1B7EA282B55D90081D99A /* CoreData.framework */; };
		00F1B7ED282B55E80081D99A /* CoreGraphics.framework in Frameworks */ = {isa = PBXBuildFile; fileRef = 00F1B7EC282B55E80081D99A /* CoreGraphics.framework */; };
		00F1B7EF282B55EF0081D99A /* CoreImage.framework in Frameworks */ = {isa = PBXBuildFile; fileRef = 00F1B7EE282B55EF0081D99A /* CoreImage.framework */; };
		00F1B7F1282B55FC0081D99A /* CoreLocation.framework in Frameworks */ = {isa = PBXBuildFile; fileRef = 00F1B7F0282B55FC0081D99A /* CoreLocation.framework */; };
		00F1B7F3282B56040081D99A /* CoreTelephony.framework in Frameworks */ = {isa = PBXBuildFile; fileRef = 00F1B7F2282B56040081D99A /* CoreTelephony.framework */; };
		00F1B7F5282B56110081D99A /* CoreText.framework in Frameworks */ = {isa = PBXBuildFile; fileRef = 00F1B7F4282B56110081D99A /* CoreText.framework */; };
		00F1B7F7282B56190081D99A /* GLKit.framework in Frameworks */ = {isa = PBXBuildFile; fileRef = 00F1B7F6282B56190081D99A /* GLKit.framework */; };
		00F1B7F9282B56280081D99A /* ImageIO.framework in Frameworks */ = {isa = PBXBuildFile; fileRef = 00F1B7F8282B56280081D99A /* ImageIO.framework */; };
		00F1B7FB282B563B0081D99A /* libc++.tbd in Frameworks */ = {isa = PBXBuildFile; fileRef = 00F1B7FA282B563B0081D99A /* libc++.tbd */; };
		00F1B7FD282B56450081D99A /* libz.tbd in Frameworks */ = {isa = PBXBuildFile; fileRef = 00F1B7FC282B56450081D99A /* libz.tbd */; };
		00F1B7FF282B56520081D99A /* Metal.framework in Frameworks */ = {isa = PBXBuildFile; fileRef = 00F1B7FE282B56520081D99A /* Metal.framework */; };
		00F1B801282B565A0081D99A /* OpenGLES.framework in Frameworks */ = {isa = PBXBuildFile; fileRef = 00F1B800282B565A0081D99A /* OpenGLES.framework */; };
		00F1B803282B56610081D99A /* QuartzCore.framework in Frameworks */ = {isa = PBXBuildFile; fileRef = 00F1B802282B56610081D99A /* QuartzCore.framework */; };
		00F1B805282B566D0081D99A /* SystemConfiguration.framework in Frameworks */ = {isa = PBXBuildFile; fileRef = 00F1B804282B566D0081D99A /* SystemConfiguration.framework */; };
		00F1B807282B56740081D99A /* UIKit.framework in Frameworks */ = {isa = PBXBuildFile; fileRef = 00F1B806282B56740081D99A /* UIKit.framework */; };
		00F1B80A282B5B840081D99A /* IssLocatorViewModel.swift in Sources */ = {isa = PBXBuildFile; fileRef = 00F1B809282B5B840081D99A /* IssLocatorViewModel.swift */; };
		00F1B80C282B5BA40081D99A /* IssLocatorModel.swift in Sources */ = {isa = PBXBuildFile; fileRef = 00F1B80B282B5BA40081D99A /* IssLocatorModel.swift */; };
		00F1B80F282B5BEB0081D99A /* ServiceManager.swift in Sources */ = {isa = PBXBuildFile; fileRef = 00F1B80E282B5BEB0081D99A /* ServiceManager.swift */; };
/* End PBXBuildFile section */

/* Begin PBXFileReference section */
		0028322E282B47C5005EF359 /* IssLocator.app */ = {isa = PBXFileReference; explicitFileType = wrapper.application; includeInIndex = 0; path = IssLocator.app; sourceTree = BUILT_PRODUCTS_DIR; };
		00283231282B47C5005EF359 /* AppDelegate.swift */ = {isa = PBXFileReference; lastKnownFileType = sourcecode.swift; path = AppDelegate.swift; sourceTree = "<group>"; };
		00283235282B47C5005EF359 /* IssLocatorController.swift */ = {isa = PBXFileReference; lastKnownFileType = sourcecode.swift; path = IssLocatorController.swift; sourceTree = "<group>"; };
		00283238282B47C5005EF359 /* Base */ = {isa = PBXFileReference; lastKnownFileType = file.storyboard; name = Base; path = Base.lproj/Main.storyboard; sourceTree = "<group>"; };
		0028323A282B47C8005EF359 /* Assets.xcassets */ = {isa = PBXFileReference; lastKnownFileType = folder.assetcatalog; path = Assets.xcassets; sourceTree = "<group>"; };
		0028323D282B47C8005EF359 /* Base */ = {isa = PBXFileReference; lastKnownFileType = file.storyboard; name = Base; path = Base.lproj/LaunchScreen.storyboard; sourceTree = "<group>"; };
		0028323F282B47C8005EF359 /* Info.plist */ = {isa = PBXFileReference; lastKnownFileType = text.plist.xml; path = Info.plist; sourceTree = "<group>"; };
		00486137282EC17600B3E494 /* locationCell.swift */ = {isa = PBXFileReference; lastKnownFileType = sourcecode.swift; path = locationCell.swift; sourceTree = "<group>"; };
		007026C8282D677000ECA69F /* Bindable.swift */ = {isa = PBXFileReference; lastKnownFileType = sourcecode.swift; path = Bindable.swift; sourceTree = "<group>"; };
		007026CD282D9F4A00ECA69F /* IssLocatorTableController.swift */ = {isa = PBXFileReference; lastKnownFileType = sourcecode.swift; path = IssLocatorTableController.swift; sourceTree = "<group>"; };
		00F1B7DF282B54AD0081D99A /* GoogleMapsBase.framework */ = {isa = PBXFileReference; lastKnownFileType = wrapper.framework; path = GoogleMapsBase.framework; sourceTree = "<group>"; };
		00F1B7E1282B54C60081D99A /* GoogleMaps.framework */ = {isa = PBXFileReference; lastKnownFileType = wrapper.framework; path = GoogleMaps.framework; sourceTree = "<group>"; };
		00F1B7E2282B54C80081D99A /* GoogleMapsCore.framework */ = {isa = PBXFileReference; lastKnownFileType = wrapper.framework; path = GoogleMapsCore.framework; sourceTree = "<group>"; };
		00F1B7E5282B55890081D99A /* GoogleMaps.bundle */ = {isa = PBXFileReference; lastKnownFileType = "wrapper.plug-in"; name = GoogleMaps.bundle; path = Frameworks/GoogleMaps.framework/Resources/GoogleMaps.bundle; sourceTree = "<group>"; };
		00F1B7E8282B55CE0081D99A /* Accelerate.framework */ = {isa = PBXFileReference; lastKnownFileType = wrapper.framework; name = Accelerate.framework; path = System/Library/Frameworks/Accelerate.framework; sourceTree = SDKROOT; };
		00F1B7EA282B55D90081D99A /* CoreData.framework */ = {isa = PBXFileReference; lastKnownFileType = wrapper.framework; name = CoreData.framework; path = System/Library/Frameworks/CoreData.framework; sourceTree = SDKROOT; };
		00F1B7EC282B55E80081D99A /* CoreGraphics.framework */ = {isa = PBXFileReference; lastKnownFileType = wrapper.framework; name = CoreGraphics.framework; path = System/Library/Frameworks/CoreGraphics.framework; sourceTree = SDKROOT; };
		00F1B7EE282B55EF0081D99A /* CoreImage.framework */ = {isa = PBXFileReference; lastKnownFileType = wrapper.framework; name = CoreImage.framework; path = System/Library/Frameworks/CoreImage.framework; sourceTree = SDKROOT; };
		00F1B7F0282B55FC0081D99A /* CoreLocation.framework */ = {isa = PBXFileReference; lastKnownFileType = wrapper.framework; name = CoreLocation.framework; path = System/Library/Frameworks/CoreLocation.framework; sourceTree = SDKROOT; };
		00F1B7F2282B56040081D99A /* CoreTelephony.framework */ = {isa = PBXFileReference; lastKnownFileType = wrapper.framework; name = CoreTelephony.framework; path = System/Library/Frameworks/CoreTelephony.framework; sourceTree = SDKROOT; };
		00F1B7F4282B56110081D99A /* CoreText.framework */ = {isa = PBXFileReference; lastKnownFileType = wrapper.framework; name = CoreText.framework; path = System/Library/Frameworks/CoreText.framework; sourceTree = SDKROOT; };
		00F1B7F6282B56190081D99A /* GLKit.framework */ = {isa = PBXFileReference; lastKnownFileType = wrapper.framework; name = GLKit.framework; path = System/Library/Frameworks/GLKit.framework; sourceTree = SDKROOT; };
		00F1B7F8282B56280081D99A /* ImageIO.framework */ = {isa = PBXFileReference; lastKnownFileType = wrapper.framework; name = ImageIO.framework; path = System/Library/Frameworks/ImageIO.framework; sourceTree = SDKROOT; };
		00F1B7FA282B563B0081D99A /* libc++.tbd */ = {isa = PBXFileReference; lastKnownFileType = "sourcecode.text-based-dylib-definition"; name = "libc++.tbd"; path = "usr/lib/libc++.tbd"; sourceTree = SDKROOT; };
		00F1B7FC282B56450081D99A /* libz.tbd */ = {isa = PBXFileReference; lastKnownFileType = "sourcecode.text-based-dylib-definition"; name = libz.tbd; path = usr/lib/libz.tbd; sourceTree = SDKROOT; };
		00F1B7FE282B56520081D99A /* Metal.framework */ = {isa = PBXFileReference; lastKnownFileType = wrapper.framework; name = Metal.framework; path = System/Library/Frameworks/Metal.framework; sourceTree = SDKROOT; };
		00F1B800282B565A0081D99A /* OpenGLES.framework */ = {isa = PBXFileReference; lastKnownFileType = wrapper.framework; name = OpenGLES.framework; path = System/Library/Frameworks/OpenGLES.framework; sourceTree = SDKROOT; };
		00F1B802282B56610081D99A /* QuartzCore.framework */ = {isa = PBXFileReference; lastKnownFileType = wrapper.framework; name = QuartzCore.framework; path = System/Library/Frameworks/QuartzCore.framework; sourceTree = SDKROOT; };
		00F1B804282B566D0081D99A /* SystemConfiguration.framework */ = {isa = PBXFileReference; lastKnownFileType = wrapper.framework; name = SystemConfiguration.framework; path = System/Library/Frameworks/SystemConfiguration.framework; sourceTree = SDKROOT; };
		00F1B806282B56740081D99A /* UIKit.framework */ = {isa = PBXFileReference; lastKnownFileType = wrapper.framework; name = UIKit.framework; path = System/Library/Frameworks/UIKit.framework; sourceTree = SDKROOT; };
		00F1B809282B5B840081D99A /* IssLocatorViewModel.swift */ = {isa = PBXFileReference; lastKnownFileType = sourcecode.swift; path = IssLocatorViewModel.swift; sourceTree = "<group>"; };
		00F1B80B282B5BA40081D99A /* IssLocatorModel.swift */ = {isa = PBXFileReference; lastKnownFileType = sourcecode.swift; path = IssLocatorModel.swift; sourceTree = "<group>"; };
		00F1B80E282B5BEB0081D99A /* ServiceManager.swift */ = {isa = PBXFileReference; lastKnownFileType = sourcecode.swift; path = ServiceManager.swift; sourceTree = "<group>"; };
/* End PBXFileReference section */

/* Begin PBXFrameworksBuildPhase section */
		0028322B282B47C5005EF359 /* Frameworks */ = {
			isa = PBXFrameworksBuildPhase;
			buildActionMask = 2147483647;
			files = (
				00F1B807282B56740081D99A /* UIKit.framework in Frameworks */,
				00F1B805282B566D0081D99A /* SystemConfiguration.framework in Frameworks */,
				00F1B803282B56610081D99A /* QuartzCore.framework in Frameworks */,
				00F1B801282B565A0081D99A /* OpenGLES.framework in Frameworks */,
				00F1B7FF282B56520081D99A /* Metal.framework in Frameworks */,
				00F1B7FD282B56450081D99A /* libz.tbd in Frameworks */,
				00F1B7FB282B563B0081D99A /* libc++.tbd in Frameworks */,
				00F1B7F9282B56280081D99A /* ImageIO.framework in Frameworks */,
				00F1B7F7282B56190081D99A /* GLKit.framework in Frameworks */,
				00F1B7F5282B56110081D99A /* CoreText.framework in Frameworks */,
				00F1B7F3282B56040081D99A /* CoreTelephony.framework in Frameworks */,
				00F1B7F1282B55FC0081D99A /* CoreLocation.framework in Frameworks */,
				00F1B7EF282B55EF0081D99A /* CoreImage.framework in Frameworks */,
				00F1B7ED282B55E80081D99A /* CoreGraphics.framework in Frameworks */,
				00F1B7EB282B55D90081D99A /* CoreData.framework in Frameworks */,
				00F1B7E9282B55CE0081D99A /* Accelerate.framework in Frameworks */,
				00F1B7E3282B54C80081D99A /* GoogleMaps.framework in Frameworks */,
				00F1B7E4282B54C80081D99A /* GoogleMapsCore.framework in Frameworks */,
				00F1B7E0282B54AD0081D99A /* GoogleMapsBase.framework in Frameworks */,
			);
			runOnlyForDeploymentPostprocessing = 0;
		};
/* End PBXFrameworksBuildPhase section */

/* Begin PBXGroup section */
		00283225282B47C5005EF359 = {
			isa = PBXGroup;
			children = (
				00283230282B47C5005EF359 /* IssLocator */,
				0028322F282B47C5005EF359 /* Products */,
				00F1B7E7282B55CE0081D99A /* Frameworks */,
			);
			sourceTree = "<group>";
		};
		0028322F282B47C5005EF359 /* Products */ = {
			isa = PBXGroup;
			children = (
				0028322E282B47C5005EF359 /* IssLocator.app */,
			);
			name = Products;
			sourceTree = "<group>";
		};
		00283230282B47C5005EF359 /* IssLocator */ = {
			isa = PBXGroup;
			children = (
				007026C7282D675200ECA69F /* Helpers */,
				00F1B80D282B5BC50081D99A /* ISSServiceManager */,
				00F1B808282B5B130081D99A /* ISSLocatorModule */,
				00F1B7E5282B55890081D99A /* GoogleMaps.bundle */,
				00F1B7DE282B54870081D99A /* Frameworks */,
				00283231282B47C5005EF359 /* AppDelegate.swift */,
				00283237282B47C5005EF359 /* Main.storyboard */,
				0028323A282B47C8005EF359 /* Assets.xcassets */,
				0028323C282B47C8005EF359 /* LaunchScreen.storyboard */,
				0028323F282B47C8005EF359 /* Info.plist */,
			);
			path = IssLocator;
			sourceTree = "<group>";
		};
		00486136282EC12E00B3E494 /* Cells */ = {
			isa = PBXGroup;
			children = (
				00486137282EC17600B3E494 /* locationCell.swift */,
			);
			path = Cells;
			sourceTree = "<group>";
		};
		007026C7282D675200ECA69F /* Helpers */ = {
			isa = PBXGroup;
			children = (
				007026C8282D677000ECA69F /* Bindable.swift */,
			);
			path = Helpers;
			sourceTree = "<group>";
		};
		007026CA282D906800ECA69F /* Model */ = {
			isa = PBXGroup;
			children = (
				00F1B80B282B5BA40081D99A /* IssLocatorModel.swift */,
			);
			path = Model;
			sourceTree = "<group>";
		};
		007026CB282D906E00ECA69F /* View */ = {
			isa = PBXGroup;
			children = (
				00486136282EC12E00B3E494 /* Cells */,
				00283235282B47C5005EF359 /* IssLocatorController.swift */,
				007026CD282D9F4A00ECA69F /* IssLocatorTableController.swift */,
			);
			path = View;
			sourceTree = "<group>";
		};
		007026CC282D907700ECA69F /* ViewModel */ = {
			isa = PBXGroup;
			children = (
				00F1B809282B5B840081D99A /* IssLocatorViewModel.swift */,
			);
			path = ViewModel;
			sourceTree = "<group>";
		};
		00F1B7DE282B54870081D99A /* Frameworks */ = {
			isa = PBXGroup;
			children = (
				00F1B7E1282B54C60081D99A /* GoogleMaps.framework */,
				00F1B7E2282B54C80081D99A /* GoogleMapsCore.framework */,
				00F1B7DF282B54AD0081D99A /* GoogleMapsBase.framework */,
			);
			path = Frameworks;
			sourceTree = "<group>";
		};
		00F1B7E7282B55CE0081D99A /* Frameworks */ = {
			isa = PBXGroup;
			children = (
				00F1B806282B56740081D99A /* UIKit.framework */,
				00F1B804282B566D0081D99A /* SystemConfiguration.framework */,
				00F1B802282B56610081D99A /* QuartzCore.framework */,
				00F1B800282B565A0081D99A /* OpenGLES.framework */,
				00F1B7FE282B56520081D99A /* Metal.framework */,
				00F1B7FC282B56450081D99A /* libz.tbd */,
				00F1B7FA282B563B0081D99A /* libc++.tbd */,
				00F1B7F8282B56280081D99A /* ImageIO.framework */,
				00F1B7F6282B56190081D99A /* GLKit.framework */,
				00F1B7F4282B56110081D99A /* CoreText.framework */,
				00F1B7F2282B56040081D99A /* CoreTelephony.framework */,
				00F1B7F0282B55FC0081D99A /* CoreLocation.framework */,
				00F1B7EE282B55EF0081D99A /* CoreImage.framework */,
				00F1B7EC282B55E80081D99A /* CoreGraphics.framework */,
				00F1B7EA282B55D90081D99A /* CoreData.framework */,
				00F1B7E8282B55CE0081D99A /* Accelerate.framework */,
			);
			name = Frameworks;
			sourceTree = "<group>";
		};
		00F1B808282B5B130081D99A /* ISSLocatorModule */ = {
			isa = PBXGroup;
			children = (
				007026CC282D907700ECA69F /* ViewModel */,
				007026CB282D906E00ECA69F /* View */,
				007026CA282D906800ECA69F /* Model */,
			);
			path = ISSLocatorModule;
			sourceTree = "<group>";
		};
		00F1B80D282B5BC50081D99A /* ISSServiceManager */ = {
			isa = PBXGroup;
			children = (
				00F1B80E282B5BEB0081D99A /* ServiceManager.swift */,
			);
			path = ISSServiceManager;
			sourceTree = "<group>";
		};
/* End PBXGroup section */

/* Begin PBXNativeTarget section */
		0028322D282B47C5005EF359 /* IssLocator */ = {
			isa = PBXNativeTarget;
			buildConfigurationList = 00283242282B47C8005EF359 /* Build configuration list for PBXNativeTarget "IssLocator" */;
			buildPhases = (
				0028322A282B47C5005EF359 /* Sources */,
				0028322B282B47C5005EF359 /* Frameworks */,
				0028322C282B47C5005EF359 /* Resources */,
			);
			buildRules = (
			);
			dependencies = (
			);
			name = IssLocator;
			productName = IssLocator;
			productReference = 0028322E282B47C5005EF359 /* IssLocator.app */;
			productType = "com.apple.product-type.application";
		};
/* End PBXNativeTarget section */

/* Begin PBXProject section */
		00283226282B47C5005EF359 /* Project object */ = {
			isa = PBXProject;
			attributes = {
				BuildIndependentTargetsInParallel = 1;
				LastSwiftUpdateCheck = 1330;
				LastUpgradeCheck = 1330;
				TargetAttributes = {
					0028322D282B47C5005EF359 = {
						CreatedOnToolsVersion = 13.3.1;
					};
				};
			};
			buildConfigurationList = 00283229282B47C5005EF359 /* Build configuration list for PBXProject "IssLocator" */;
			compatibilityVersion = "Xcode 13.0";
			developmentRegion = en;
			hasScannedForEncodings = 0;
			knownRegions = (
				en,
				Base,
			);
			mainGroup = 00283225282B47C5005EF359;
			productRefGroup = 0028322F282B47C5005EF359 /* Products */;
			projectDirPath = "";
			projectRoot = "";
			targets = (
				0028322D282B47C5005EF359 /* IssLocator */,
			);
		};
/* End PBXProject section */

/* Begin PBXResourcesBuildPhase section */
		0028322C282B47C5005EF359 /* Resources */ = {
			isa = PBXResourcesBuildPhase;
			buildActionMask = 2147483647;
			files = (
				0028323E282B47C8005EF359 /* LaunchScreen.storyboard in Resources */,
				0028323B282B47C8005EF359 /* Assets.xcassets in Resources */,
				00283239282B47C5005EF359 /* Main.storyboard in Resources */,
				00F1B7E6282B55890081D99A /* GoogleMaps.bundle in Resources */,
			);
			runOnlyForDeploymentPostprocessing = 0;
		};
/* End PBXResourcesBuildPhase section */

/* Begin PBXSourcesBuildPhase section */
		0028322A282B47C5005EF359 /* Sources */ = {
			isa = PBXSourcesBuildPhase;
			buildActionMask = 2147483647;
			files = (
				00F1B80C282B5BA40081D99A /* IssLocatorModel.swift in Sources */,
				007026CE282D9F4A00ECA69F /* IssLocatorTableController.swift in Sources */,
				00F1B80A282B5B840081D99A /* IssLocatorViewModel.swift in Sources */,
				007026C9282D677000ECA69F /* Bindable.swift in Sources */,
				00283236282B47C5005EF359 /* IssLocatorController.swift in Sources */,
				00283232282B47C5005EF359 /* AppDelegate.swift in Sources */,
				00486138282EC17600B3E494 /* locationCell.swift in Sources */,
				00F1B80F282B5BEB0081D99A /* ServiceManager.swift in Sources */,
			);
			runOnlyForDeploymentPostprocessing = 0;
		};
/* End PBXSourcesBuildPhase section */

/* Begin PBXVariantGroup section */
		00283237282B47C5005EF359 /* Main.storyboard */ = {
			isa = PBXVariantGroup;
			children = (
				00283238282B47C5005EF359 /* Base */,
			);
			name = Main.storyboard;
			sourceTree = "<group>";
		};
		0028323C282B47C8005EF359 /* LaunchScreen.storyboard */ = {
			isa = PBXVariantGroup;
			children = (
				0028323D282B47C8005EF359 /* Base */,
			);
			name = LaunchScreen.storyboard;
			sourceTree = "<group>";
		};
/* End PBXVariantGroup section */

/* Begin XCBuildConfiguration section */
		00283240282B47C8005EF359 /* Debug */ = {
			isa = XCBuildConfiguration;
			buildSettings = {
				ALWAYS_SEARCH_USER_PATHS = NO;
				CLANG_ANALYZER_NONNULL = YES;
				CLANG_ANALYZER_NUMBER_OBJECT_CONVERSION = YES_AGGRESSIVE;
				CLANG_CXX_LANGUAGE_STANDARD = "gnu++17";
				CLANG_ENABLE_MODULES = YES;
				CLANG_ENABLE_OBJC_ARC = YES;
				CLANG_ENABLE_OBJC_WEAK = YES;
				CLANG_WARN_BLOCK_CAPTURE_AUTORELEASING = YES;
				CLANG_WARN_BOOL_CONVERSION = YES;
				CLANG_WARN_COMMA = YES;
				CLANG_WARN_CONSTANT_CONVERSION = YES;
				CLANG_WARN_DEPRECATED_OBJC_IMPLEMENTATIONS = YES;
				CLANG_WARN_DIRECT_OBJC_ISA_USAGE = YES_ERROR;
				CLANG_WARN_DOCUMENTATION_COMMENTS = YES;
				CLANG_WARN_EMPTY_BODY = YES;
				CLANG_WARN_ENUM_CONVERSION = YES;
				CLANG_WARN_INFINITE_RECURSION = YES;
				CLANG_WARN_INT_CONVERSION = YES;
				CLANG_WARN_NON_LITERAL_NULL_CONVERSION = YES;
				CLANG_WARN_OBJC_IMPLICIT_RETAIN_SELF = YES;
				CLANG_WARN_OBJC_LITERAL_CONVERSION = YES;
				CLANG_WARN_OBJC_ROOT_CLASS = YES_ERROR;
				CLANG_WARN_QUOTED_INCLUDE_IN_FRAMEWORK_HEADER = YES;
				CLANG_WARN_RANGE_LOOP_ANALYSIS = YES;
				CLANG_WARN_STRICT_PROTOTYPES = YES;
				CLANG_WARN_SUSPICIOUS_MOVE = YES;
				CLANG_WARN_UNGUARDED_AVAILABILITY = YES_AGGRESSIVE;
				CLANG_WARN_UNREACHABLE_CODE = YES;
				CLANG_WARN__DUPLICATE_METHOD_MATCH = YES;
				COPY_PHASE_STRIP = NO;
				DEBUG_INFORMATION_FORMAT = dwarf;
				ENABLE_STRICT_OBJC_MSGSEND = YES;
				ENABLE_TESTABILITY = YES;
				GCC_C_LANGUAGE_STANDARD = gnu11;
				GCC_DYNAMIC_NO_PIC = NO;
				GCC_NO_COMMON_BLOCKS = YES;
				GCC_OPTIMIZATION_LEVEL = 0;
				GCC_PREPROCESSOR_DEFINITIONS = (
					"DEBUG=1",
					"$(inherited)",
				);
				GCC_WARN_64_TO_32_BIT_CONVERSION = YES;
				GCC_WARN_ABOUT_RETURN_TYPE = YES_ERROR;
				GCC_WARN_UNDECLARED_SELECTOR = YES;
				GCC_WARN_UNINITIALIZED_AUTOS = YES_AGGRESSIVE;
				GCC_WARN_UNUSED_FUNCTION = YES;
				GCC_WARN_UNUSED_VARIABLE = YES;
				IPHONEOS_DEPLOYMENT_TARGET = 15.4;
				MTL_ENABLE_DEBUG_INFO = INCLUDE_SOURCE;
				MTL_FAST_MATH = YES;
				ONLY_ACTIVE_ARCH = YES;
				SDKROOT = iphoneos;
				SWIFT_ACTIVE_COMPILATION_CONDITIONS = DEBUG;
				SWIFT_OPTIMIZATION_LEVEL = "-Onone";
			};
			name = Debug;
		};
		00283241282B47C8005EF359 /* Release */ = {
			isa = XCBuildConfiguration;
			buildSettings = {
				ALWAYS_SEARCH_USER_PATHS = NO;
				CLANG_ANALYZER_NONNULL = YES;
				CLANG_ANALYZER_NUMBER_OBJECT_CONVERSION = YES_AGGRESSIVE;
				CLANG_CXX_LANGUAGE_STANDARD = "gnu++17";
				CLANG_ENABLE_MODULES = YES;
				CLANG_ENABLE_OBJC_ARC = YES;
				CLANG_ENABLE_OBJC_WEAK = YES;
				CLANG_WARN_BLOCK_CAPTURE_AUTORELEASING = YES;
				CLANG_WARN_BOOL_CONVERSION = YES;
				CLANG_WARN_COMMA = YES;
				CLANG_WARN_CONSTANT_CONVERSION = YES;
				CLANG_WARN_DEPRECATED_OBJC_IMPLEMENTATIONS = YES;
				CLANG_WARN_DIRECT_OBJC_ISA_USAGE = YES_ERROR;
				CLANG_WARN_DOCUMENTATION_COMMENTS = YES;
				CLANG_WARN_EMPTY_BODY = YES;
				CLANG_WARN_ENUM_CONVERSION = YES;
				CLANG_WARN_INFINITE_RECURSION = YES;
				CLANG_WARN_INT_CONVERSION = YES;
				CLANG_WARN_NON_LITERAL_NULL_CONVERSION = YES;
				CLANG_WARN_OBJC_IMPLICIT_RETAIN_SELF = YES;
				CLANG_WARN_OBJC_LITERAL_CONVERSION = YES;
				CLANG_WARN_OBJC_ROOT_CLASS = YES_ERROR;
				CLANG_WARN_QUOTED_INCLUDE_IN_FRAMEWORK_HEADER = YES;
				CLANG_WARN_RANGE_LOOP_ANALYSIS = YES;
				CLANG_WARN_STRICT_PROTOTYPES = YES;
				CLANG_WARN_SUSPICIOUS_MOVE = YES;
				CLANG_WARN_UNGUARDED_AVAILABILITY = YES_AGGRESSIVE;
				CLANG_WARN_UNREACHABLE_CODE = YES;
				CLANG_WARN__DUPLICATE_METHOD_MATCH = YES;
				COPY_PHASE_STRIP = NO;
				DEBUG_INFORMATION_FORMAT = "dwarf-with-dsym";
				ENABLE_NS_ASSERTIONS = NO;
				ENABLE_STRICT_OBJC_MSGSEND = YES;
				GCC_C_LANGUAGE_STANDARD = gnu11;
				GCC_NO_COMMON_BLOCKS = YES;
				GCC_WARN_64_TO_32_BIT_CONVERSION = YES;
				GCC_WARN_ABOUT_RETURN_TYPE = YES_ERROR;
				GCC_WARN_UNDECLARED_SELECTOR = YES;
				GCC_WARN_UNINITIALIZED_AUTOS = YES_AGGRESSIVE;
				GCC_WARN_UNUSED_FUNCTION = YES;
				GCC_WARN_UNUSED_VARIABLE = YES;
				IPHONEOS_DEPLOYMENT_TARGET = 15.4;
				MTL_ENABLE_DEBUG_INFO = NO;
				MTL_FAST_MATH = YES;
				SDKROOT = iphoneos;
				SWIFT_COMPILATION_MODE = wholemodule;
				SWIFT_OPTIMIZATION_LEVEL = "-O";
				VALIDATE_PRODUCT = YES;
			};
			name = Release;
		};
		00283243282B47C8005EF359 /* Debug */ = {
			isa = XCBuildConfiguration;
			buildSettings = {
				ASSETCATALOG_COMPILER_APPICON_NAME = AppIcon;
				ASSETCATALOG_COMPILER_GLOBAL_ACCENT_COLOR_NAME = AccentColor;
				CODE_SIGN_STYLE = Automatic;
				CURRENT_PROJECT_VERSION = 1;
				DEVELOPMENT_TEAM = B66B2DUQF9;
				FRAMEWORK_SEARCH_PATHS = (
					"$(inherited)",
					"$(PROJECT_DIR)/IssLocator/Frameworks",
				);
				GENERATE_INFOPLIST_FILE = YES;
				GoogleAPIKey = "AIzaSyBuOE9HCyH2GKGKLYFf-CFgxqlN83ktH_E";
				INFOPLIST_FILE = IssLocator/Info.plist;
				INFOPLIST_KEY_UIApplicationSupportsIndirectInputEvents = YES;
				INFOPLIST_KEY_UILaunchStoryboardName = LaunchScreen;
				INFOPLIST_KEY_UIMainStoryboardFile = Main;
				INFOPLIST_KEY_UISupportedInterfaceOrientations_iPad = "UIInterfaceOrientationPortrait UIInterfaceOrientationPortraitUpsideDown UIInterfaceOrientationLandscapeLeft UIInterfaceOrientationLandscapeRight";
				INFOPLIST_KEY_UISupportedInterfaceOrientations_iPhone = "UIInterfaceOrientationPortrait UIInterfaceOrientationLandscapeLeft UIInterfaceOrientationLandscapeRight";
				LD_RUNPATH_SEARCH_PATHS = (
					"$(inherited)",
					"@executable_path/Frameworks",
				);
				MARKETING_VERSION = 1.0;
				OTHER_LDFLAGS = "-ObjC";
				PRODUCT_BUNDLE_IDENTIFIER = com.Minerva.IssLocator;
				PRODUCT_NAME = "$(TARGET_NAME)";
				SWIFT_EMIT_LOC_STRINGS = YES;
				SWIFT_VERSION = 5.0;
				TARGETED_DEVICE_FAMILY = "1,2";
			};
			name = Debug;
		};
		00283244282B47C8005EF359 /* Release */ = {
			isa = XCBuildConfiguration;
			buildSettings = {
				ASSETCATALOG_COMPILER_APPICON_NAME = AppIcon;
				ASSETCATALOG_COMPILER_GLOBAL_ACCENT_COLOR_NAME = AccentColor;
				CODE_SIGN_STYLE = Automatic;
				CURRENT_PROJECT_VERSION = 1;
				DEVELOPMENT_TEAM = B66B2DUQF9;
				FRAMEWORK_SEARCH_PATHS = (
					"$(inherited)",
					"$(PROJECT_DIR)/IssLocator/Frameworks",
				);
				GENERATE_INFOPLIST_FILE = YES;
				GoogleAPIKey = "AIzaSyBuOE9HCyH2GKGKLYFf-CFgxqlN83ktH_E";
				INFOPLIST_FILE = IssLocator/Info.plist;
				INFOPLIST_KEY_UIApplicationSupportsIndirectInputEvents = YES;
				INFOPLIST_KEY_UILaunchStoryboardName = LaunchScreen;
				INFOPLIST_KEY_UIMainStoryboardFile = Main;
				INFOPLIST_KEY_UISupportedInterfaceOrientations_iPad = "UIInterfaceOrientationPortrait UIInterfaceOrientationPortraitUpsideDown UIInterfaceOrientationLandscapeLeft UIInterfaceOrientationLandscapeRight";
				INFOPLIST_KEY_UISupportedInterfaceOrientations_iPhone = "UIInterfaceOrientationPortrait UIInterfaceOrientationLandscapeLeft UIInterfaceOrientationLandscapeRight";
				LD_RUNPATH_SEARCH_PATHS = (
					"$(inherited)",
					"@executable_path/Frameworks",
				);
				MARKETING_VERSION = 1.0;
				OTHER_LDFLAGS = "-ObjC";
				PRODUCT_BUNDLE_IDENTIFIER = com.Minerva.IssLocator;
				PRODUCT_NAME = "$(TARGET_NAME)";
				SWIFT_EMIT_LOC_STRINGS = YES;
				SWIFT_VERSION = 5.0;
				TARGETED_DEVICE_FAMILY = "1,2";
			};
			name = Release;
		};
/* End XCBuildConfiguration section */

/* Begin XCConfigurationList section */
		00283229282B47C5005EF359 /* Build configuration list for PBXProject "IssLocator" */ = {
			isa = XCConfigurationList;
			buildConfigurations = (
				00283240282B47C8005EF359 /* Debug */,
				00283241282B47C8005EF359 /* Release */,
			);
			defaultConfigurationIsVisible = 0;
			defaultConfigurationName = Release;
		};
		00283242282B47C8005EF359 /* Build configuration list for PBXNativeTarget "IssLocator" */ = {
			isa = XCConfigurationList;
			buildConfigurations = (
				00283243282B47C8005EF359 /* Debug */,
				00283244282B47C8005EF359 /* Release */,
			);
			defaultConfigurationIsVisible = 0;
			defaultConfigurationName = Release;
		};
/* End XCConfigurationList section */
	};
	rootObject = 00283226282B47C5005EF359 /* Project object */;
}
